
Microsoft Visual Studio Solution File, Format Version 12.00
# Visual Studio Version 17
VisualStudioVersion = 17.14.36212.18
MinimumVisualStudioVersion = 10.0.40219.1
Project("{FAE04EC0-301F-11D3-BF4B-00C04F79EFBC}") = "POC-RichTextBox Ribbon", "POC-RichTextBox Ribbon\POC-RichTextBox Ribbon.csproj", "{B67387D6-7251-4386-9F50-CBC3354707C6}"
EndProject
Project("{FAE04EC0-301F-11D3-BF4B-00C04F79EFBC}") = "C1.WPF.RichTextBox", "..\..\..\WPF Code Base - Source Clone\WPF\Controls\RichTextBox\C1.WPF.RichTextBox.csproj", "{D1046100-2FE1-8B8A-6257-C7ED00DCD6F5}"
EndProject
Project("{FAE04EC0-301F-11D3-BF4B-00C04F79EFBC}") = "C1.WPF.RichTextBox.Ribbon", "..\..\..\WPF Code Base - Source Clone\WPF\Controls\RichTextBox.Ribbon\C1.WPF.RichTextBox.Ribbon.csproj", "{60F3040C-8F62-ED88-8C6A-FB02E8A0224F}"
EndProject
Project("{FAE04EC0-301F-11D3-BF4B-00C04F79EFBC}") = "C1.WPF.Ribbon", "..\..\..\WPF Code Base - Source Clone\WPF\Controls\Ribbon\C1.WPF.Ribbon.csproj", "{1B9C9459-FE94-55AF-A57D-362A3DFE9C2D}"
EndProject
Global
	GlobalSection(SolutionConfigurationPlatforms) = preSolution
		Debug|Any CPU = Debug|Any CPU
		Release|Any CPU = Release|Any CPU
	EndGlobalSection
	GlobalSection(ProjectConfigurationPlatforms) = postSolution
		{B67387D6-7251-4386-9F50-CBC3354707C6}.Debug|Any CPU.ActiveCfg = Debug|Any CPU
		{B67387D6-7251-4386-9F50-CBC3354707C6}.Debug|Any CPU.Build.0 = Debug|Any CPU
		{B67387D6-7251-4386-9F50-CBC3354707C6}.Release|Any CPU.ActiveCfg = Release|Any CPU
		{B67387D6-7251-4386-9F50-CBC3354707C6}.Release|Any CPU.Build.0 = Release|Any CPU
		{D1046100-2FE1-8B8A-6257-C7ED00DCD6F5}.Debug|Any CPU.ActiveCfg = Debug|Any CPU
		{D1046100-2FE1-8B8A-6257-C7ED00DCD6F5}.Debug|Any CPU.Build.0 = Debug|Any CPU
		{D1046100-2FE1-8B8A-6257-C7ED00DCD6F5}.Release|Any CPU.ActiveCfg = Release|Any CPU
		{D1046100-2FE1-8B8A-6257-C7ED00DCD6F5}.Release|Any CPU.Build.0 = Release|Any CPU
		{60F3040C-8F62-ED88-8C6A-FB02E8A0224F}.Debug|Any CPU.ActiveCfg = Debug|Any CPU
		{60F3040C-8F62-ED88-8C6A-FB02E8A0224F}.Debug|Any CPU.Build.0 = Debug|Any CPU
		{60F3040C-8F62-ED88-8C6A-FB02E8A0224F}.Release|Any CPU.ActiveCfg = Release|Any CPU
		{60F3040C-8F62-ED88-8C6A-FB02E8A0224F}.Release|Any CPU.Build.0 = Release|Any CPU
		{1B9C9459-FE94-55AF-A57D-362A3DFE9C2D}.Debug|Any CPU.ActiveCfg = Debug|Any CPU
		{1B9C9459-FE94-55AF-A57D-362A3DFE9C2D}.Debug|Any CPU.Build.0 = Debug|Any CPU
		{1B9C9459-FE94-55AF-A57D-362A3DFE9C2D}.Release|Any CPU.ActiveCfg = Release|Any CPU
		{1B9C9459-FE94-55AF-A57D-362A3DFE9C2D}.Release|Any CPU.Build.0 = Release|Any CPU
	EndGlobalSection
	GlobalSection(SolutionProperties) = preSolution
		HideSolutionNode = FALSE
	EndGlobalSection
	GlobalSection(ExtensibilityGlobals) = postSolution
		SolutionGuid = {C6910DFA-2EFF-4AF4-AB7A-F5A10CFE7A38}
	EndGlobalSection
EndGlobal
