
Microsoft Visual Studio Solution File, Format Version 12.00
# Visual Studio Version 17
VisualStudioVersion = 17.14.36212.18 d17.14
MinimumVisualStudioVersion = 10.0.40219.1
Project("{FAE04EC0-301F-11D3-BF4B-00C04F79EFBC}") = "POC Dummy Data with d color", "POC Dummy Data with d color\POC Dummy Data with d color.csproj", "{43E51583-4809-4D3E-A9A3-C44094C53911}"
EndProject
Global
	GlobalSection(SolutionConfigurationPlatforms) = preSolution
		Debug|Any CPU = Debug|Any CPU
		Release|Any CPU = Release|Any CPU
	EndGlobalSection
	GlobalSection(ProjectConfigurationPlatforms) = postSolution
		{43E51583-4809-4D3E-A9A3-C44094C53911}.Debug|Any CPU.ActiveCfg = Debug|Any CPU
		{43E51583-4809-4D3E-A9A3-C44094C53911}.Debug|Any CPU.Build.0 = Debug|Any CPU
		{43E51583-4809-4D3E-A9A3-C44094C53911}.Release|Any CPU.ActiveCfg = Release|Any CPU
		{43E51583-4809-4D3E-A9A3-C44094C53911}.Release|Any CPU.Build.0 = Release|Any CPU
	EndGlobalSection
	GlobalSection(SolutionProperties) = preSolution
		HideSolutionNode = FALSE
	EndGlobalSection
	GlobalSection(ExtensibilityGlobals) = postSolution
		SolutionGuid = {5018DFAA-F186-4D5B-B9F5-8ACB2ED02A80}
	EndGlobalSection
EndGlobal
